{
    "_readme": [
        "This file locks the dependencies of your project to a known state",
        "Read more about it at https://getcomposer.org/doc/01-basic-usage.md#composer-lock-the-lock-file",
        "This file is @generated automatically"
    ],
    "hash": "6808e9df7609711d99fcdb85605d78a5",
    "content-hash": "d796eb7839d0fb9525e35f80c059b451",
    "packages": [
        {
            "name": "drakonli/php-imap",
            "version": "dev-master",
            "source": {
                "type": "git",
                "url": "https://github.com/drakonli/php-imap.git",
                "reference": "926c76ab08d8f413ae72936542aa0836010f8c72"
            },
            "dist": {
                "type": "zip",
                "url": "https://api.github.com/repos/drakonli/php-imap/zipball/926c76ab08d8f413ae72936542aa0836010f8c72",
                "reference": "926c76ab08d8f413ae72936542aa0836010f8c72",
                "shasum": ""
            },
            "require": {
                "drakonli/php-utils": "dev-master",
                "ext-imap": "*",
                "ext-spl_types": "*",
                "php": ">=5.6.0",
                "symfony/config": "^3.0.0",
                "symfony/dependency-injection": "^3.0.0",
                "symfony/yaml": "^3.0.0"
            },
            "type": "library",
            "autoload": {
                "psr-4": {
                    "PhpImap\\": "src/PhpImap/"
                }
            },
            "notification-url": "https://packagist.org/downloads/",
            "license": [
                "BSD 3-Clause"
            ],
            "authors": [
                {
                    "name": "Sergey Barbushin",
                    "email": "barbushin@gmail.com",
                    "homepage": "http://linkedin.com/in/barbushin"
                },
                {
                    "name": "Arthur Vinogradov",
                    "email": "artur.drakonli@gmail.com",
                    "homepage": "http://linkedin.com/in/drakonli"
                }
            ],
            "description": "PHP OOP library for accessing mailbox by POP3/IMAP/NNTP using IMAP extension",
            "homepage": "https://github.com/drakonli/php-imap",
            "keywords": [
                "imap",
                "mail",
                "php"
            ],
            "time": "2016-09-20 11:02:02"
        },
        {
            "name": "drakonli/php-utils",
            "version": "dev-master",
            "source": {
                "type": "git",
                "url": "https://github.com/drakonli/php-utils.git",
                "reference": "1aeb6c2050f46f279de8f0273e407eb7869e9149"
            },
            "dist": {
                "type": "zip",
                "url": "https://api.github.com/repos/drakonli/php-utils/zipball/1aeb6c2050f46f279de8f0273e407eb7869e9149",
                "reference": "1aeb6c2050f46f279de8f0273e407eb7869e9149",
                "shasum": ""
            },
            "require": {
                "php": ">=5.3.0"
            },
            "type": "library",
            "autoload": {
                "psr-4": {
                    "drakonli\\PhpUtils\\": "src/drakonli/PhpUtils"
                }
            },
            "notification-url": "https://packagist.org/downloads/",
            "license": [
                "MIT"
            ],
            "authors": [
                {
                    "name": "Arthur Vinogradov",
                    "email": "artur.drakonli@gmail.com",
                    "homepage": "http://linkedin.com/in/drakonli"
                }
            ],
            "description": "PHP lib of different utility interfaces/classes",
            "homepage": "https://github.com/drakonli/php-utils",
            "keywords": [
                "php",
                "utils"
            ],
            "time": "2016-09-13 17:20:36"
        },
        {
            "name": "symfony/config",
            "version": "dev-master",
            "source": {
                "type": "git",
                "url": "https://github.com/symfony/config.git",
                "reference": "dd9921cab28b9605a0693d04e851d86e83b4a0fa"
            },
            "dist": {
                "type": "zip",
                "url": "https://api.github.com/repos/symfony/config/zipball/dd9921cab28b9605a0693d04e851d86e83b4a0fa",
                "reference": "dd9921cab28b9605a0693d04e851d86e83b4a0fa",
                "shasum": ""
            },
            "require": {
                "php": ">=5.5.9",
                "symfony/filesystem": "~2.8|~3.0"
            },
            "require-dev": {
                "symfony/yaml": "~3.0"
            },
            "suggest": {
                "symfony/yaml": "To use the yaml reference dumper"
            },
            "type": "library",
            "extra": {
                "branch-alias": {
                    "dev-master": "3.2-dev"
                }
            },
            "autoload": {
                "psr-4": {
                    "Symfony\\Component\\Config\\": ""
                },
                "exclude-from-classmap": [
                    "/Tests/"
                ]
            },
            "notification-url": "https://packagist.org/downloads/",
            "license": [
                "MIT"
            ],
            "authors": [
                {
                    "name": "Fabien Potencier",
                    "email": "fabien@symfony.com"
                },
                {
                    "name": "Symfony Community",
                    "homepage": "https://symfony.com/contributors"
                }
            ],
            "description": "Symfony Config Component",
            "homepage": "https://symfony.com",
            "time": "2016-09-15 14:03:09"
        },
        {
            "name": "symfony/dependency-injection",
            "version": "dev-master",
            "source": {
                "type": "git",
                "url": "https://github.com/symfony/dependency-injection.git",
                "reference": "fe652a57a24b4359dfb4909aea59c4882921b6c5"
            },
            "dist": {
                "type": "zip",
                "url": "https://api.github.com/repos/symfony/dependency-injection/zipball/fe652a57a24b4359dfb4909aea59c4882921b6c5",
                "reference": "fe652a57a24b4359dfb4909aea59c4882921b6c5",
                "shasum": ""
            },
            "require": {
                "php": ">=5.5.9"
            },
            "conflict": {
                "symfony/yaml": "<3.2"
            },
            "require-dev": {
                "symfony/config": "~2.8|~3.0",
                "symfony/expression-language": "~2.8|~3.0",
                "symfony/yaml": "~3.2"
            },
            "suggest": {
                "symfony/config": "",
                "symfony/expression-language": "For using expressions in service container configuration",
                "symfony/proxy-manager-bridge": "Generate service proxies to lazy load them",
                "symfony/yaml": ""
            },
            "type": "library",
            "extra": {
                "branch-alias": {
                    "dev-master": "3.2-dev"
                }
            },
            "autoload": {
                "psr-4": {
                    "Symfony\\Component\\DependencyInjection\\": ""
                },
                "exclude-from-classmap": [
                    "/Tests/"
                ]
            },
            "notification-url": "https://packagist.org/downloads/",
            "license": [
                "MIT"
            ],
            "authors": [
                {
                    "name": "Fabien Potencier",
                    "email": "fabien@symfony.com"
                },
                {
                    "name": "Symfony Community",
                    "homepage": "https://symfony.com/contributors"
                }
            ],
            "description": "Symfony DependencyInjection Component",
            "homepage": "https://symfony.com",
            "time": "2016-09-19 19:25:58"
        },
        {
            "name": "symfony/filesystem",
            "version": "dev-master",
            "source": {
                "type": "git",
                "url": "https://github.com/symfony/filesystem.git",
                "reference": "b3251ed8c44eff89b9ca6aa2d89f9f9b4565e056"
            },
            "dist": {
                "type": "zip",
                "url": "https://api.github.com/repos/symfony/filesystem/zipball/b3251ed8c44eff89b9ca6aa2d89f9f9b4565e056",
                "reference": "b3251ed8c44eff89b9ca6aa2d89f9f9b4565e056",
                "shasum": ""
            },
            "require": {
                "php": ">=5.5.9"
            },
            "type": "library",
            "extra": {
                "branch-alias": {
                    "dev-master": "3.2-dev"
                }
            },
            "autoload": {
                "psr-4": {
                    "Symfony\\Component\\Filesystem\\": ""
                },
                "exclude-from-classmap": [
                    "/Tests/"
                ]
            },
            "notification-url": "https://packagist.org/downloads/",
            "license": [
                "MIT"
            ],
            "authors": [
                {
                    "name": "Fabien Potencier",
                    "email": "fabien@symfony.com"
                },
                {
                    "name": "Symfony Community",
                    "homepage": "https://symfony.com/contributors"
                }
            ],
            "description": "Symfony Filesystem Component",
            "homepage": "https://symfony.com",
            "time": "2016-09-14 22:49:28"
        },
        {
            "name": "symfony/yaml",
            "version": "dev-master",
            "source": {
                "type": "git",
                "url": "https://github.com/symfony/yaml.git",
                "reference": "7fbb0dfc86370757774ff2d9bd5c3b89c9aac1a8"
            },
            "dist": {
                "type": "zip",
                "url": "https://api.github.com/repos/symfony/yaml/zipball/7fbb0dfc86370757774ff2d9bd5c3b89c9aac1a8",
                "reference": "7fbb0dfc86370757774ff2d9bd5c3b89c9aac1a8",
                "shasum": ""
            },
            "require": {
                "php": ">=5.5.9"
            },
            "require-dev": {
                "symfony/console": "~2.8|~3.0"
            },
            "suggest": {
                "symfony/console": "For validating YAML files using the lint command"
            },
            "type": "library",
            "extra": {
                "branch-alias": {
                    "dev-master": "3.2-dev"
                }
            },
            "autoload": {
                "psr-4": {
                    "Symfony\\Component\\Yaml\\": ""
                },
                "exclude-from-classmap": [
                    "/Tests/"
                ]
            },
            "notification-url": "https://packagist.org/downloads/",
            "license": [
                "MIT"
            ],
            "authors": [
                {
                    "name": "Fabien Potencier",
                    "email": "fabien@symfony.com"
                },
                {
                    "name": "Symfony Community",
                    "homepage": "https://symfony.com/contributors"
                }
            ],
            "description": "Symfony Yaml Component",
            "homepage": "https://symfony.com",
            "time": "2016-09-20 08:33:13"
        },
        {
            "name": "twig/twig",
            "version": "1.x-dev",
            "source": {
                "type": "git",
                "url": "https://github.com/twigphp/Twig.git",
                "reference": "03dd9c5e5154e5835297e612feaaaaec8ccb6743"
            },
            "dist": {
                "type": "zip",
                "url": "https://api.github.com/repos/twigphp/Twig/zipball/03dd9c5e5154e5835297e612feaaaaec8ccb6743",
                "reference": "03dd9c5e5154e5835297e612feaaaaec8ccb6743",
                "shasum": ""
            },
            "require": {
                "php": ">=5.2.7"
            },
            "require-dev": {
                "symfony/debug": "~2.7",
                "symfony/phpunit-bridge": "~2.7"
            },
            "type": "library",
            "extra": {
                "branch-alias": {
                    "dev-master": "1.25-dev"
                }
            },
            "autoload": {
                "psr-0": {
                    "Twig_": "lib/"
                }
            },
            "notification-url": "https://packagist.org/downloads/",
            "license": [
                "BSD-3-Clause"
            ],
            "authors": [
                {
                    "name": "Fabien Potencier",
                    "email": "fabien@symfony.com",
                    "homepage": "http://fabien.potencier.org",
                    "role": "Lead Developer"
                },
                {
                    "name": "Armin Ronacher",
                    "email": "armin.ronacher@active-4.com",
                    "role": "Project Founder"
                },
                {
                    "name": "Twig Team",
                    "homepage": "http://twig.sensiolabs.org/contributors",
                    "role": "Contributors"
                }
            ],
            "description": "Twig, the flexible, fast, and secure template language for PHP",
            "homepage": "http://twig.sensiolabs.org",
            "keywords": [
                "templating"
            ],
            "time": "2016-09-20 05:07:57"
        }
    ],
    "packages-dev": [],
    "aliases": [],
    "minimum-stability": "dev",
    "stability-flags": {
        "drakonli/php-imap": 20
    },
    "prefer-stable": false,
    "prefer-lowest": false,
    "platform": [],
    "platform-dev": []
}
