{
    "_readme": [
        "This file locks the dependencies of your project to a known state",
        "Read more about it at https://getcomposer.org/doc/01-basic-usage.md#composer-lock-the-lock-file",
        "This file is @generated automatically"
    ],
    "hash": "6808e9df7609711d99fcdb85605d78a5",
    "content-hash": "d796eb7839d0fb9525e35f80c059b451",
    "packages": [
        {
            "name": "drakonli/php-imap",
            "version": "dev-master",
            "source": {
                "type": "git",
                "url": "https://github.com/drakonli/php-imap.git",
                "reference": "4331bb4e13a6a523bf5764e53b8fd5b038b8eb27"
            },
            "dist": {
                "type": "zip",
                "url": "https://api.github.com/repos/drakonli/php-imap/zipball/4331bb4e13a6a523bf5764e53b8fd5b038b8eb27",
                "reference": "4331bb4e13a6a523bf5764e53b8fd5b038b8eb27",
                "shasum": ""
            },
            "require": {
                "drakonli/php-utils": "dev-master",
                "ext-imap": "*",
                "ext-spl_types": "*",
                "php": ">=5.6.0",
                "symfony/config": "^3.0.0",
                "symfony/dependency-injection": "^3.0.0",
                "symfony/yaml": "^3.0.0"
            },
            "type": "library",
            "autoload": {
                "psr-4": {
                    "PhpImap\\": "src/PhpImap/"
                }
            },
            "notification-url": "https://packagist.org/downloads/",
            "license": [
                "BSD 3-Clause"
            ],
            "authors": [
                {
                    "name": "Sergey Barbushin",
                    "email": "barbushin@gmail.com",
                    "homepage": "http://linkedin.com/in/barbushin"
                },
                {
                    "name": "Arthur Vinogradov",
                    "email": "artur.drakonli@gmail.com",
                    "homepage": "http://linkedin.com/in/drakonli"
                }
            ],
            "description": "PHP OOP library for accessing mailbox by POP3/IMAP/NNTP using IMAP extension",
            "homepage": "https://github.com/drakonli/php-imap",
            "keywords": [
                "imap",
                "mail",
                "php"
            ],
            "time": "2016-09-12 11:05:37"
        },
        {
            "name": "drakonli/php-utils",
            "version": "dev-master",
            "source": {
                "type": "git",
                "url": "https://github.com/drakonli/php-utils.git",
                "reference": "77a7fe07403ea4e4b62623e7edcd0bc300940c2e"
            },
            "dist": {
                "type": "zip",
                "url": "https://api.github.com/repos/drakonli/php-utils/zipball/77a7fe07403ea4e4b62623e7edcd0bc300940c2e",
                "reference": "77a7fe07403ea4e4b62623e7edcd0bc300940c2e",
                "shasum": ""
            },
            "require": {
                "php": ">=5.3.0"
            },
            "type": "library",
            "autoload": {
                "psr-4": {
                    "drakonli\\PhpUtils\\": "src/drakonli/PhpUtils"
                }
            },
            "notification-url": "https://packagist.org/downloads/",
            "license": [
                "MIT"
            ],
            "authors": [
                {
                    "name": "Arthur Vinogradov",
                    "email": "artur.drakonli@gmail.com",
                    "homepage": "http://linkedin.com/in/drakonli"
                }
            ],
            "description": "PHP lib of different utility interfaces/classes",
            "homepage": "https://github.com/drakonli/php-utils",
            "keywords": [
                "php",
                "utils"
            ],
            "time": "2016-09-11 23:43:06"
        },
        {
            "name": "symfony/config",
            "version": "dev-master",
            "source": {
                "type": "git",
                "url": "https://github.com/symfony/config.git",
                "reference": "cb9b3175b3fc3842459a74ab48f9a9f4293675e8"
            },
            "dist": {
                "type": "zip",
                "url": "https://api.github.com/repos/symfony/config/zipball/cb9b3175b3fc3842459a74ab48f9a9f4293675e8",
                "reference": "cb9b3175b3fc3842459a74ab48f9a9f4293675e8",
                "shasum": ""
            },
            "require": {
                "php": ">=5.5.9",
                "symfony/filesystem": "~2.8|~3.0"
            },
            "suggest": {
                "symfony/yaml": "To use the yaml reference dumper"
            },
            "type": "library",
            "extra": {
                "branch-alias": {
                    "dev-master": "3.2-dev"
                }
            },
            "autoload": {
                "psr-4": {
                    "Symfony\\Component\\Config\\": ""
                },
                "exclude-from-classmap": [
                    "/Tests/"
                ]
            },
            "notification-url": "https://packagist.org/downloads/",
            "license": [
                "MIT"
            ],
            "authors": [
                {
                    "name": "Fabien Potencier",
                    "email": "fabien@symfony.com"
                },
                {
                    "name": "Symfony Community",
                    "homepage": "https://symfony.com/contributors"
                }
            ],
            "description": "Symfony Config Component",
            "homepage": "https://symfony.com",
            "time": "2016-08-31 18:30:14"
        },
        {
            "name": "symfony/dependency-injection",
            "version": "dev-master",
            "source": {
                "type": "git",
                "url": "https://github.com/symfony/dependency-injection.git",
                "reference": "01b1dec65fc145ad323b50ecb795e00c9850e09f"
            },
            "dist": {
                "type": "zip",
                "url": "https://api.github.com/repos/symfony/dependency-injection/zipball/01b1dec65fc145ad323b50ecb795e00c9850e09f",
                "reference": "01b1dec65fc145ad323b50ecb795e00c9850e09f",
                "shasum": ""
            },
            "require": {
                "php": ">=5.5.9"
            },
            "conflict": {
                "symfony/yaml": "<3.2"
            },
            "require-dev": {
                "symfony/config": "~2.8|~3.0",
                "symfony/expression-language": "~2.8|~3.0",
                "symfony/yaml": "~3.2"
            },
            "suggest": {
                "symfony/config": "",
                "symfony/expression-language": "For using expressions in service container configuration",
                "symfony/proxy-manager-bridge": "Generate service proxies to lazy load them",
                "symfony/yaml": ""
            },
            "type": "library",
            "extra": {
                "branch-alias": {
                    "dev-master": "3.2-dev"
                }
            },
            "autoload": {
                "psr-4": {
                    "Symfony\\Component\\DependencyInjection\\": ""
                },
                "exclude-from-classmap": [
                    "/Tests/"
                ]
            },
            "notification-url": "https://packagist.org/downloads/",
            "license": [
                "MIT"
            ],
            "authors": [
                {
                    "name": "Fabien Potencier",
                    "email": "fabien@symfony.com"
                },
                {
                    "name": "Symfony Community",
                    "homepage": "https://symfony.com/contributors"
                }
            ],
            "description": "Symfony DependencyInjection Component",
            "homepage": "https://symfony.com",
            "time": "2016-09-06 11:07:23"
        },
        {
            "name": "symfony/filesystem",
            "version": "dev-master",
            "source": {
                "type": "git",
                "url": "https://github.com/symfony/filesystem.git",
                "reference": "f16eed71fc31c4d2c186f2dd196db14d146fb3fc"
            },
            "dist": {
                "type": "zip",
                "url": "https://api.github.com/repos/symfony/filesystem/zipball/f16eed71fc31c4d2c186f2dd196db14d146fb3fc",
                "reference": "f16eed71fc31c4d2c186f2dd196db14d146fb3fc",
                "shasum": ""
            },
            "require": {
                "php": ">=5.5.9"
            },
            "type": "library",
            "extra": {
                "branch-alias": {
                    "dev-master": "3.2-dev"
                }
            },
            "autoload": {
                "psr-4": {
                    "Symfony\\Component\\Filesystem\\": ""
                },
                "exclude-from-classmap": [
                    "/Tests/"
                ]
            },
            "notification-url": "https://packagist.org/downloads/",
            "license": [
                "MIT"
            ],
            "authors": [
                {
                    "name": "Fabien Potencier",
                    "email": "fabien@symfony.com"
                },
                {
                    "name": "Symfony Community",
                    "homepage": "https://symfony.com/contributors"
                }
            ],
            "description": "Symfony Filesystem Component",
            "homepage": "https://symfony.com",
            "time": "2016-09-06 11:07:23"
        },
        {
            "name": "symfony/yaml",
            "version": "dev-master",
            "source": {
                "type": "git",
                "url": "https://github.com/symfony/yaml.git",
                "reference": "aa8be2235b5dd4e472424552390609f61996f5ab"
            },
            "dist": {
                "type": "zip",
                "url": "https://api.github.com/repos/symfony/yaml/zipball/aa8be2235b5dd4e472424552390609f61996f5ab",
                "reference": "aa8be2235b5dd4e472424552390609f61996f5ab",
                "shasum": ""
            },
            "require": {
                "php": ">=5.5.9"
            },
            "require-dev": {
                "symfony/console": "~2.8|~3.0"
            },
            "suggest": {
                "symfony/console": "For validating YAML files using the lint command"
            },
            "type": "library",
            "extra": {
                "branch-alias": {
                    "dev-master": "3.2-dev"
                }
            },
            "autoload": {
                "psr-4": {
                    "Symfony\\Component\\Yaml\\": ""
                },
                "exclude-from-classmap": [
                    "/Tests/"
                ]
            },
            "notification-url": "https://packagist.org/downloads/",
            "license": [
                "MIT"
            ],
            "authors": [
                {
                    "name": "Fabien Potencier",
                    "email": "fabien@symfony.com"
                },
                {
                    "name": "Symfony Community",
                    "homepage": "https://symfony.com/contributors"
                }
            ],
            "description": "Symfony Yaml Component",
            "homepage": "https://symfony.com",
            "time": "2016-09-02 02:14:06"
        },
        {
            "name": "twig/twig",
            "version": "1.x-dev",
            "source": {
                "type": "git",
                "url": "https://github.com/twigphp/Twig.git",
                "reference": "c418d07c64bdf004635973f978c806a53a32b320"
            },
            "dist": {
                "type": "zip",
                "url": "https://api.github.com/repos/twigphp/Twig/zipball/c418d07c64bdf004635973f978c806a53a32b320",
                "reference": "c418d07c64bdf004635973f978c806a53a32b320",
                "shasum": ""
            },
            "require": {
                "php": ">=5.2.7"
            },
            "require-dev": {
                "symfony/debug": "~2.7",
                "symfony/phpunit-bridge": "~2.7"
            },
            "type": "library",
            "extra": {
                "branch-alias": {
                    "dev-master": "1.24-dev"
                }
            },
            "autoload": {
                "psr-0": {
                    "Twig_": "lib/"
                }
            },
            "notification-url": "https://packagist.org/downloads/",
            "license": [
                "BSD-3-Clause"
            ],
            "authors": [
                {
                    "name": "Fabien Potencier",
                    "email": "fabien@symfony.com",
                    "homepage": "http://fabien.potencier.org",
                    "role": "Lead Developer"
                },
                {
                    "name": "Armin Ronacher",
                    "email": "armin.ronacher@active-4.com",
                    "role": "Project Founder"
                },
                {
                    "name": "Twig Team",
                    "homepage": "http://twig.sensiolabs.org/contributors",
                    "role": "Contributors"
                }
            ],
            "description": "Twig, the flexible, fast, and secure template language for PHP",
            "homepage": "http://twig.sensiolabs.org",
            "keywords": [
                "templating"
            ],
            "time": "2016-09-01 17:55:16"
        }
    ],
    "packages-dev": [],
    "aliases": [],
    "minimum-stability": "dev",
    "stability-flags": {
        "drakonli/php-imap": 20
    },
    "prefer-stable": false,
    "prefer-lowest": false,
    "platform": [],
    "platform-dev": []
}
